
Microsoft Visual Studio Solution File, Format Version 12.00
# Visual Studio Version 16
VisualStudioVersion = 16.0.32228.343
MinimumVisualStudioVersion = 10.0.40219.1
Project("{FAE04EC0-301F-11D3-BF4B-00C04F79EFBC}") = "FeedbackSystemWebApp", "FeedbackSystemWebApp\FeedbackSystemWebApp.csproj", "{6C4CB34E-07C8-466E-8F20-A955D3A8082E}"
EndProject
Project("{FAE04EC0-301F-11D3-BF4B-00C04F79EFBC}") = "BOL", "BOL\BOL.csproj", "{C3075B87-2BE9-413B-9D0B-D0527B57C959}"
EndProject
Project("{FAE04EC0-301F-11D3-BF4B-00C04F79EFBC}") = "BLL", "BLL\BLL.csproj", "{345576B9-B97D-4826-8FD7-B8B028E08EA2}"
EndProject
Project("{FAE04EC0-301F-11D3-BF4B-00C04F79EFBC}") = "DAL", "DAL\DAL.csproj", "{5B09F60B-4FE8-403B-8BC8-5723BEF5FD27}"
EndProject
Global
	GlobalSection(SolutionConfigurationPlatforms) = preSolution
		Debug|Any CPU = Debug|Any CPU
		Release|Any CPU = Release|Any CPU
	EndGlobalSection
	GlobalSection(ProjectConfigurationPlatforms) = postSolution
		{6C4CB34E-07C8-466E-8F20-A955D3A8082E}.Debug|Any CPU.ActiveCfg = Debug|Any CPU
		{6C4CB34E-07C8-466E-8F20-A955D3A8082E}.Debug|Any CPU.Build.0 = Debug|Any CPU
		{6C4CB34E-07C8-466E-8F20-A955D3A8082E}.Release|Any CPU.ActiveCfg = Release|Any CPU
		{6C4CB34E-07C8-466E-8F20-A955D3A8082E}.Release|Any CPU.Build.0 = Release|Any CPU
		{C3075B87-2BE9-413B-9D0B-D0527B57C959}.Debug|Any CPU.ActiveCfg = Debug|Any CPU
		{C3075B87-2BE9-413B-9D0B-D0527B57C959}.Debug|Any CPU.Build.0 = Debug|Any CPU
		{C3075B87-2BE9-413B-9D0B-D0527B57C959}.Release|Any CPU.ActiveCfg = Release|Any CPU
		{C3075B87-2BE9-413B-9D0B-D0527B57C959}.Release|Any CPU.Build.0 = Release|Any CPU
		{345576B9-B97D-4826-8FD7-B8B028E08EA2}.Debug|Any CPU.ActiveCfg = Debug|Any CPU
		{345576B9-B97D-4826-8FD7-B8B028E08EA2}.Debug|Any CPU.Build.0 = Debug|Any CPU
		{345576B9-B97D-4826-8FD7-B8B028E08EA2}.Release|Any CPU.ActiveCfg = Release|Any CPU
		{345576B9-B97D-4826-8FD7-B8B028E08EA2}.Release|Any CPU.Build.0 = Release|Any CPU
		{5B09F60B-4FE8-403B-8BC8-5723BEF5FD27}.Debug|Any CPU.ActiveCfg = Debug|Any CPU
		{5B09F60B-4FE8-403B-8BC8-5723BEF5FD27}.Debug|Any CPU.Build.0 = Debug|Any CPU
		{5B09F60B-4FE8-403B-8BC8-5723BEF5FD27}.Release|Any CPU.ActiveCfg = Release|Any CPU
		{5B09F60B-4FE8-403B-8BC8-5723BEF5FD27}.Release|Any CPU.Build.0 = Release|Any CPU
	EndGlobalSection
	GlobalSection(SolutionProperties) = preSolution
		HideSolutionNode = FALSE
	EndGlobalSection
	GlobalSection(ExtensibilityGlobals) = postSolution
		SolutionGuid = {CD7D4D22-8F15-43CA-9DB3-5625793C78CC}
	EndGlobalSection
EndGlobal
